
Microsoft Visual Studio Solution File, Format Version 12.00
# Visual Studio Version 17
VisualStudioVersion = 17.5.33627.172
MinimumVisualStudioVersion = 10.0.40219.1
Project("{9A19103F-16F7-4668-BE54-9A1E7A4F7556}") = "Sistemsko prog 3", "Sistemsko prog 3.csproj", "{36236AD9-F77D-4A60-8AD6-00C02B47AFF3}"
EndProject
Project("{2150E333-8FDC-42A3-9474-1A3956D46DE8}") = "Solution Items", "Solution Items", "{D30C9A79-5924-4B4B-B978-2B9A4A2E0A7C}"
	ProjectSection(SolutionItems) = preProject
		.editorconfig = .editorconfig
	EndProjectSection
EndProject
Global
	GlobalSection(SolutionConfigurationPlatforms) = preSolution
		Debug|Any CPU = Debug|Any CPU
		Release|Any CPU = Release|Any CPU
	EndGlobalSection
	GlobalSection(ProjectConfigurationPlatforms) = postSolution
		{36236AD9-F77D-4A60-8AD6-00C02B47AFF3}.Debug|Any CPU.ActiveCfg = Debug|Any CPU
		{36236AD9-F77D-4A60-8AD6-00C02B47AFF3}.Debug|Any CPU.Build.0 = Debug|Any CPU
		{36236AD9-F77D-4A60-8AD6-00C02B47AFF3}.Release|Any CPU.ActiveCfg = Release|Any CPU
		{36236AD9-F77D-4A60-8AD6-00C02B47AFF3}.Release|Any CPU.Build.0 = Release|Any CPU
	EndGlobalSection
	GlobalSection(SolutionProperties) = preSolution
		HideSolutionNode = FALSE
	EndGlobalSection
	GlobalSection(ExtensibilityGlobals) = postSolution
		SolutionGuid = {52ACED89-9C77-4494-9AFF-307B915A0079}
	EndGlobalSection
EndGlobal
